# THIS IS AN AUTOGENERATED FILE. DO NOT EDIT THIS FILE DIRECTLY.
# yarn lockfile v1


"@next/env@14.2.3":
  version "14.2.3"
  resolved "https://registry.npmjs.org/@next/env/-/env-14.2.3.tgz"
  integrity sha512-W7fd7IbkfmeeY2gXrzJYDx8D2lWKbVoTIj1o1ScPHNzvp30s1AuoEFSdr39bC5sjxJaxTtq3OTCZboNp0lNWHA==

"@next/swc-darwin-arm64@14.2.3":
  version "14.2.3"
  resolved "https://registry.npmjs.org/@next/swc-darwin-arm64/-/swc-darwin-arm64-14.2.3.tgz"
  integrity sha512-3pEYo/RaGqPP0YzwnlmPN2puaF2WMLM3apt5jLW2fFdXD9+pqcoTzRk+iZsf8ta7+quAe4Q6Ms0nR0SFGFdS1A==

"@next/swc-darwin-x64@14.2.3":
  version "14.2.3"
  resolved "https://registry.yarnpkg.com/@next/swc-darwin-x64/-/swc-darwin-x64-14.2.3.tgz#a3f8af05b5f9a52ac3082e66ac29e125ab1d7b9c"
  integrity sha512-6adp7waE6P1TYFSXpY366xwsOnEXM+y1kgRpjSRVI2CBDOcbRjsJ67Z6EgKIqWIue52d2q/Mx8g9MszARj8IEA==

"@next/swc-linux-arm64-gnu@14.2.3":
  version "14.2.3"
  resolved "https://registry.yarnpkg.com/@next/swc-linux-arm64-gnu/-/swc-linux-arm64-gnu-14.2.3.tgz#4e63f43879285b52554bfd39e6e0cc78a9b27bbf"
  integrity sha512-cuzCE/1G0ZSnTAHJPUT1rPgQx1w5tzSX7POXSLaS7w2nIUJUD+e25QoXD/hMfxbsT9rslEXugWypJMILBj/QsA==

"@next/swc-linux-arm64-musl@14.2.3":
  version "14.2.3"
  resolved "https://registry.yarnpkg.com/@next/swc-linux-arm64-musl/-/swc-linux-arm64-musl-14.2.3.tgz#ebdaed26214448b1e6f2c3e8b3cd29bfba387990"
  integrity sha512-0D4/oMM2Y9Ta3nGuCcQN8jjJjmDPYpHX9OJzqk42NZGJocU2MqhBq5tWkJrUQOQY9N+In9xOdymzapM09GeiZw==

"@next/swc-linux-x64-gnu@14.2.3":
  version "14.2.3"
  resolved "https://registry.yarnpkg.com/@next/swc-linux-x64-gnu/-/swc-linux-x64-gnu-14.2.3.tgz#19e3bcc137c3b582a1ab867106817e5c90a20593"
  integrity sha512-ENPiNnBNDInBLyUU5ii8PMQh+4XLr4pG51tOp6aJ9xqFQ2iRI6IH0Ds2yJkAzNV1CfyagcyzPfROMViS2wOZ9w==

"@next/swc-linux-x64-musl@14.2.3":
  version "14.2.3"
  resolved "https://registry.yarnpkg.com/@next/swc-linux-x64-musl/-/swc-linux-x64-musl-14.2.3.tgz#794a539b98e064169cf0ff7741b2a4fb16adec7d"
  integrity sha512-BTAbq0LnCbF5MtoM7I/9UeUu/8ZBY0i8SFjUMCbPDOLv+un67e2JgyN4pmgfXBwy/I+RHu8q+k+MCkDN6P9ViQ==

"@next/swc-win32-arm64-msvc@14.2.3":
  version "14.2.3"
  resolved "https://registry.yarnpkg.com/@next/swc-win32-arm64-msvc/-/swc-win32-arm64-msvc-14.2.3.tgz#eda9fa0fbf1ff9113e87ac2668ee67ce9e5add5a"
  integrity sha512-AEHIw/dhAMLNFJFJIJIyOFDzrzI5bAjI9J26gbO5xhAKHYTZ9Or04BesFPXiAYXDNdrwTP2dQceYA4dL1geu8A==

"@next/swc-win32-ia32-msvc@14.2.3":
  version "14.2.3"
  resolved "https://registry.yarnpkg.com/@next/swc-win32-ia32-msvc/-/swc-win32-ia32-msvc-14.2.3.tgz#7c1190e3f640ab16580c6bdbd7d0e766b9920457"
  integrity sha512-vga40n1q6aYb0CLrM+eEmisfKCR45ixQYXuBXxOOmmoV8sYST9k7E3US32FsY+CkkF7NtzdcebiFT4CHuMSyZw==

"@next/swc-win32-x64-msvc@14.2.3":
  version "14.2.3"
  resolved "https://registry.yarnpkg.com/@next/swc-win32-x64-msvc/-/swc-win32-x64-msvc-14.2.3.tgz#2be4e39ee25bfbd85be78eea17c0e7751dc4323c"
  integrity sha512-Q1/zm43RWynxrO7lW4ehciQVj+5ePBhOK+/K2P7pLFX3JaJ/IZVC69SHidrmZSOkqz7ECIOhhy7XhAFG4JYyHA==

"@swc/counter@^0.1.3":
  version "0.1.3"
  resolved "https://registry.npmjs.org/@swc/counter/-/counter-0.1.3.tgz"
  integrity sha512-e2BR4lsJkkRlKZ/qCHPw9ZaSxc0MVUd7gtbtaB7aMvHeJVYe8sOB8DBZkP2DtISHGSku9sCK6T6cnY0CtXrOCQ==

"@swc/helpers@0.5.5":
  version "0.5.5"
  resolved "https://registry.npmjs.org/@swc/helpers/-/helpers-0.5.5.tgz"
  integrity sha512-KGYxvIOXcceOAbEk4bi/dVLEK9z8sZ0uBB3Il5b1rhfClSpcX0yfRO0KmTkqR2cnQDymwLB+25ZyMzICg/cm/A==
  dependencies:
    "@swc/counter" "^0.1.3"
    tslib "^2.4.0"

"@types/node@^20":
  version "20.14.2"
  resolved "https://registry.npmjs.org/@types/node/-/node-20.14.2.tgz"
  integrity sha512-xyu6WAMVwv6AKFLB+e/7ySZVr/0zLCzOa7rSpq6jNwpqOrUbcACDWC+53d4n2QHOnDou0fbIsg8wZu/sxrnI4Q==
  dependencies:
    undici-types "~5.26.4"

"@types/prop-types@*":
  version "15.7.12"
  resolved "https://registry.npmjs.org/@types/prop-types/-/prop-types-15.7.12.tgz"
  integrity sha512-5zvhXYtRNRluoE/jAp4GVsSduVUzNWKkOZrCDBWYtE7biZywwdC2AcEzg+cSMLFRfVgeAFqpfNabiPjxFddV1Q==

"@types/react-dom@^18":
  version "18.3.0"
  resolved "https://registry.npmjs.org/@types/react-dom/-/react-dom-18.3.0.tgz"
  integrity sha512-EhwApuTmMBmXuFOikhQLIBUn6uFg81SwLMOAUgodJF14SOBOCMdU04gDoYi0WOJJHD144TL32z4yDqCW3dnkQg==
  dependencies:
    "@types/react" "*"

"@types/react@*", "@types/react@^18":
  version "18.3.3"
  resolved "https://registry.npmjs.org/@types/react/-/react-18.3.3.tgz"
  integrity sha512-hti/R0pS0q1/xx+TsI73XIqk26eBsISZ2R0wUijXIngRK9R/e7Xw/cXVxQK7R5JjW+SV4zGcn5hXjudkN/pLIw==
  dependencies:
    "@types/prop-types" "*"
    csstype "^3.0.2"

busboy@1.6.0:
  version "1.6.0"
  resolved "https://registry.npmjs.org/busboy/-/busboy-1.6.0.tgz"
  integrity sha512-8SFQbg/0hQ9xy3UNTB0YEnsNBbWfhf7RtnzpL7TkBiTBRfrQ9Fxcnz7VJsleJpyp6rVLvXiuORqjlHi5q+PYuA==
  dependencies:
    streamsearch "^1.1.0"

caniuse-lite@^1.0.30001579:
  version "1.0.30001632"
  resolved "https://registry.npmjs.org/caniuse-lite/-/caniuse-lite-1.0.30001632.tgz"
  integrity sha512-udx3o7yHJfUxMLkGohMlVHCvFvWmirKh9JAH/d7WOLPetlH+LTL5cocMZ0t7oZx/mdlOWXti97xLZWc8uURRHg==

client-only@0.0.1:
  version "0.0.1"
  resolved "https://registry.npmjs.org/client-only/-/client-only-0.0.1.tgz"
  integrity sha512-IV3Ou0jSMzZrd3pZ48nLkT9DA7Ag1pnPzaiQhpW7c3RbcqqzvzzVu+L8gfqMp/8IM2MQtSiqaCxrrcfu8I8rMA==

csstype@^3.0.2:
  version "3.1.3"
  resolved "https://registry.npmjs.org/csstype/-/csstype-3.1.3.tgz"
  integrity sha512-M1uQkMl8rQK/szD0LNhtqxIPLpimGm8sOBwU7lLnCpSbTyY3yeU1Vc7l4KT5zT4s/yOxHH5O7tIuuLOCnLADRw==

graceful-fs@^4.2.11:
  version "4.2.11"
  resolved "https://registry.npmjs.org/graceful-fs/-/graceful-fs-4.2.11.tgz"
  integrity sha512-RbJ5/jmFcNNCcDV5o9eTnBLJ/HszWV0P73bc+Ff4nS/rJj+YaS6IGyiOL0VoBYX+l1Wrl3k63h/KrH+nhJ0XvQ==

"js-tokens@^3.0.0 || ^4.0.0":
  version "4.0.0"
  resolved "https://registry.npmjs.org/js-tokens/-/js-tokens-4.0.0.tgz"
  integrity sha512-RdJUflcE3cUzKiMqQgsCu06FPu9UdIJO0beYbPhHN4k6apgJtifcoCtT9bcxOpYBtpD2kCM6Sbzg4CausW/PKQ==

loose-envify@^1.1.0:
  version "1.4.0"
  resolved "https://registry.npmjs.org/loose-envify/-/loose-envify-1.4.0.tgz"
  integrity sha512-lyuxPGr/Wfhrlem2CL/UcnUc1zcqKAImBDzukY7Y5F/yQiNdko6+fRLevlw1HgMySw7f611UIY408EtxRSoK3Q==
  dependencies:
    js-tokens "^3.0.0 || ^4.0.0"

nanoid@^3.3.6:
  version "3.3.7"
  resolved "https://registry.npmjs.org/nanoid/-/nanoid-3.3.7.tgz"
  integrity sha512-eSRppjcPIatRIMC1U6UngP8XFcz8MQWGQdt1MTBQ7NaAmvXDfvNxbvWV3x2y6CdEUciCSsDHDQZbhYaB8QEo2g==

next@14.2.3:
  version "14.2.3"
  resolved "https://registry.npmjs.org/next/-/next-14.2.3.tgz"
  integrity sha512-dowFkFTR8v79NPJO4QsBUtxv0g9BrS/phluVpMAt2ku7H+cbcBJlopXjkWlwxrk/xGqMemr7JkGPGemPrLLX7A==
  dependencies:
    "@next/env" "14.2.3"
    "@swc/helpers" "0.5.5"
    busboy "1.6.0"
    caniuse-lite "^1.0.30001579"
    graceful-fs "^4.2.11"
    postcss "8.4.31"
    styled-jsx "5.1.1"
  optionalDependencies:
    "@next/swc-darwin-arm64" "14.2.3"
    "@next/swc-darwin-x64" "14.2.3"
    "@next/swc-linux-arm64-gnu" "14.2.3"
    "@next/swc-linux-arm64-musl" "14.2.3"
    "@next/swc-linux-x64-gnu" "14.2.3"
    "@next/swc-linux-x64-musl" "14.2.3"
    "@next/swc-win32-arm64-msvc" "14.2.3"
    "@next/swc-win32-ia32-msvc" "14.2.3"
    "@next/swc-win32-x64-msvc" "14.2.3"

picocolors@^1.0.0:
  version "1.0.1"
  resolved "https://registry.npmjs.org/picocolors/-/picocolors-1.0.1.tgz"
  integrity sha512-anP1Z8qwhkbmu7MFP5iTt+wQKXgwzf7zTyGlcdzabySa9vd0Xt392U0rVmz9poOaBj0uHJKyyo9/upk0HrEQew==

postcss@8.4.31:
  version "8.4.31"
  resolved "https://registry.npmjs.org/postcss/-/postcss-8.4.31.tgz"
  integrity sha512-PS08Iboia9mts/2ygV3eLpY5ghnUcfLV/EXTOW1E2qYxJKGGBUtNjN76FYHnMs36RmARn41bC0AZmn+rR0OVpQ==
  dependencies:
    nanoid "^3.3.6"
    picocolors "^1.0.0"
    source-map-js "^1.0.2"

react-dom@^18:
  version "18.3.1"
  resolved "https://registry.npmjs.org/react-dom/-/react-dom-18.3.1.tgz"
  integrity sha512-5m4nQKp+rZRb09LNH59GM4BxTh9251/ylbKIbpe7TpGxfJ+9kv6BLkLBXIjjspbgbnIBNqlI23tRnTWT0snUIw==
  dependencies:
    loose-envify "^1.1.0"
    scheduler "^0.23.2"

react@^18:
  version "18.3.1"
  resolved "https://registry.npmjs.org/react/-/react-18.3.1.tgz"
  integrity sha512-wS+hAgJShR0KhEvPJArfuPVN1+Hz1t0Y6n5jLrGQbkb4urgPE/0Rve+1kMB1v/oWgHgm4WIcV+i7F2pTVj+2iQ==
  dependencies:
    loose-envify "^1.1.0"

scheduler@^0.23.2:
  version "0.23.2"
  resolved "https://registry.npmjs.org/scheduler/-/scheduler-0.23.2.tgz"
  integrity sha512-UOShsPwz7NrMUqhR6t0hWjFduvOzbtv7toDH1/hIrfRNIDBnnBWd0CwJTGvTpngVlmwGCdP9/Zl/tVrDqcuYzQ==
  dependencies:
    loose-envify "^1.1.0"

source-map-js@^1.0.2:
  version "1.2.0"
  resolved "https://registry.npmjs.org/source-map-js/-/source-map-js-1.2.0.tgz"
  integrity sha512-itJW8lvSA0TXEphiRoawsCksnlf8SyvmFzIhltqAHluXd88pkCd+cXJVHTDwdCr0IzwptSm035IHQktUu1QUMg==

streamsearch@^1.1.0:
  version "1.1.0"
  resolved "https://registry.npmjs.org/streamsearch/-/streamsearch-1.1.0.tgz"
  integrity sha512-Mcc5wHehp9aXz1ax6bZUyY5afg9u2rv5cqQI3mRrYkGC8rW2hM02jWuwjtL++LS5qinSyhj2QfLyNsuc+VsExg==

styled-jsx@5.1.1:
  version "5.1.1"
  resolved "https://registry.npmjs.org/styled-jsx/-/styled-jsx-5.1.1.tgz"
  integrity sha512-pW7uC1l4mBZ8ugbiZrcIsiIvVx1UmTfw7UkC3Um2tmfUq9Bhk8IiyEIPl6F8agHgjzku6j0xQEZbfA5uSgSaCw==
  dependencies:
    client-only "0.0.1"

tslib@^2.4.0:
  version "2.6.3"
  resolved "https://registry.npmjs.org/tslib/-/tslib-2.6.3.tgz"
  integrity sha512-xNvxJEOUiWPGhUuUdQgAJPKOOJfGnIyKySOc09XkKsgdUV/3E2zvwZYdejjmRgPCgcym1juLH3226yA7sEFJKQ==

turbo-darwin-64@2.0.3:
  version "2.0.3"
  resolved "https://registry.yarnpkg.com/turbo-darwin-64/-/turbo-darwin-64-2.0.3.tgz#52c5f79b4027dfd0184fb963da41bf989be4a00d"
  integrity sha512-v7ztJ8sxdHw3SLfO2MhGFeeU4LQhFii1hIGs9uBiXns/0YTGOvxLeifnfGqhfSrAIIhrCoByXO7nR9wlm10n3Q==

turbo-darwin-arm64@2.0.3:
  version "2.0.3"
  resolved "https://registry.yarnpkg.com/turbo-darwin-arm64/-/turbo-darwin-arm64-2.0.3.tgz#46fa54d0cd95782ac38015e3396d59cdbdeb1eb8"
  integrity sha512-LUcqvkV9Bxtng6QHbevp8IK8zzwbIxM6HMjCE7FEW6yJBN1KwvTtRtsGBwwmTxaaLO0wD1Jgl3vgkXAmQ4fqUw==

turbo-linux-64@2.0.3:
  version "2.0.3"
  resolved "https://registry.yarnpkg.com/turbo-linux-64/-/turbo-linux-64-2.0.3.tgz#17d6714b32381d474ef2ee5613343165f9bd75bc"
  integrity sha512-xpdY1suXoEbsQsu0kPep2zrB8ijv/S5aKKrntGuQ62hCiwDFoDcA/Z7FZ8IHQ2u+dpJARa7yfiByHmizFE0r5Q==

turbo-linux-arm64@2.0.3:
  version "2.0.3"
  resolved "https://registry.yarnpkg.com/turbo-linux-arm64/-/turbo-linux-arm64-2.0.3.tgz#4f1bfe421dcecf2fb1164a1e223ba310d6e28b6f"
  integrity sha512-MBACTcSR874L1FtLL7gkgbI4yYJWBUCqeBN/iE29D+8EFe0d3fAyviFlbQP4K/HaDYet1i26xkkOiWr0z7/V9A==

turbo-windows-64@2.0.3:
  version "2.0.3"
  resolved "https://registry.yarnpkg.com/turbo-windows-64/-/turbo-windows-64-2.0.3.tgz#9d1b99aff361bcbf4e065029e9dfa6682a0c0b2d"
  integrity sha512-zi3YuKPkM9JxMTshZo3excPk37hUrj5WfnCqh4FjI26ux6j/LJK+Dh3SebMHd9mR7wP9CMam4GhmLCT+gDfM+w==

turbo-windows-arm64@2.0.3:
  version "2.0.3"
  resolved "https://registry.yarnpkg.com/turbo-windows-arm64/-/turbo-windows-arm64-2.0.3.tgz#0e0641acda3325a4a3d28123ef21017a7aae8f38"
  integrity sha512-wmed4kkenLvRbidi7gISB4PU77ujBuZfgVGDZ4DXTFslE/kYpINulwzkVwJIvNXsJtHqyOq0n6jL8Zwl3BrwDg==

turbo@2.0.3:
  version "2.0.3"
  resolved "https://registry.yarnpkg.com/turbo/-/turbo-2.0.3.tgz#789f64666d15dbc6fc85ce507a6c6888d70df88f"
  integrity sha512-jF1K0tTUyryEWmgqk1V0ALbSz3VdeZ8FXUo6B64WsPksCMCE48N5jUezGOH2MN0+epdaRMH8/WcPU0QQaVfeLA==
  optionalDependencies:
    turbo-darwin-64 "2.0.3"
    turbo-darwin-arm64 "2.0.3"
    turbo-linux-64 "2.0.3"
    turbo-linux-arm64 "2.0.3"
    turbo-windows-64 "2.0.3"
    turbo-windows-arm64 "2.0.3"

typescript@^5:
  version "5.4.5"
  resolved "https://registry.npmjs.org/typescript/-/typescript-5.4.5.tgz"
  integrity sha512-vcI4UpRgg81oIRUFwR0WSIHKt11nJ7SAVlYNIu+QpqeyXP+gpQJy/Z4+F0aGxSE4MqwjyXvW/TzgkLAx2AGHwQ==

undici-types@~5.26.4:
  version "5.26.5"
  resolved "https://registry.npmjs.org/undici-types/-/undici-types-5.26.5.tgz"
  integrity sha512-JlCMO+ehdEIKqlFxk6IfVoAUVmgz7cU7zD/h9XZ0qzeosSHmUJVOzSQvvYSYWXkFXC+IfLKSIffhv0sVZup6pA==
